
Microsoft Visual Studio Solution File, Format Version 12.00
# Visual Studio Version 17
VisualStudioVersion = 17.5.33516.290
MinimumVisualStudioVersion = 10.0.40219.1
Project("{FAE04EC0-301F-11D3-BF4B-00C04F79EFBC}") = "LR4_Example2", "LR4_Example2\LR4_Example2.csproj", "{989B8643-A1C5-4801-BDDF-CCD04874CCA3}"
EndProject
Global
	GlobalSection(SolutionConfigurationPlatforms) = preSolution
		Debug|Any CPU = Debug|Any CPU
		Release|Any CPU = Release|Any CPU
	EndGlobalSection
	GlobalSection(ProjectConfigurationPlatforms) = postSolution
		{989B8643-A1C5-4801-BDDF-CCD04874CCA3}.Debug|Any CPU.ActiveCfg = Debug|Any CPU
		{989B8643-A1C5-4801-BDDF-CCD04874CCA3}.Debug|Any CPU.Build.0 = Debug|Any CPU
		{989B8643-A1C5-4801-BDDF-CCD04874CCA3}.Release|Any CPU.ActiveCfg = Release|Any CPU
		{989B8643-A1C5-4801-BDDF-CCD04874CCA3}.Release|Any CPU.Build.0 = Release|Any CPU
	EndGlobalSection
	GlobalSection(SolutionProperties) = preSolution
		HideSolutionNode = FALSE
	EndGlobalSection
	GlobalSection(ExtensibilityGlobals) = postSolution
		SolutionGuid = {67F035BB-4491-43B6-917C-9B7241904394}
	EndGlobalSection
EndGlobal
